
Microsoft Visual Studio Solution File, Format Version 12.00
# Visual Studio 15
VisualStudioVersion = 15.0.27130.2010
MinimumVisualStudioVersion = 10.0.40219.1
Project("{9A19103F-16F7-4668-BE54-9A1E7A4F7556}") = "IcoLab.Common", "IcoLab.Common\IcoLab.Common\IcoLab.Common.csproj", "{74AFFA99-7464-422B-B6FA-A793F750A954}"
EndProject
Project("{9A19103F-16F7-4668-BE54-9A1E7A4F7556}") = "SmartValley.WebApi", "SmartValley.WebApi\SmartValley.WebApi.csproj", "{B5738A62-CA21-42F7-84A6-AB1E5C90FB6E}"
EndProject
Project("{9A19103F-16F7-4668-BE54-9A1E7A4F7556}") = "IcoLab.Web.Common", "IcoLab.Web.Common\IcoLab.Web.Common\IcoLab.Web.Common.csproj", "{F742FE92-FCDD-4EF6-918B-C3595953CA49}"
EndProject
Project("{9A19103F-16F7-4668-BE54-9A1E7A4F7556}") = "SmartValley.Data.SQL", "SmartValley.Data.SQL\SmartValley.Data.SQL.csproj", "{7CF0857B-A3ED-4055-812A-1DA984137FAC}"
EndProject
Project("{9A19103F-16F7-4668-BE54-9A1E7A4F7556}") = "SmartValley.Domain", "SmartValley.Domain\SmartValley.Domain.csproj", "{97033F10-3AB1-4571-AABC-985FEA1F6DBA}"
EndProject
Project("{9A19103F-16F7-4668-BE54-9A1E7A4F7556}") = "SmartValley.Application", "SmartValley.Application\SmartValley.Application.csproj", "{80B98124-7428-45B3-A305-6EC2DD4E0B0A}"
EndProject
Project("{FAE04EC0-301F-11D3-BF4B-00C04F79EFBC}") = "SmartValley.Messages", "SmartValley.Messages\SmartValley.Messages.csproj", "{22978A01-B925-4F8D-9B38-3C4535765C9B}"
EndProject
Global
	GlobalSection(SolutionConfigurationPlatforms) = preSolution
		Debug|Any CPU = Debug|Any CPU
		Release|Any CPU = Release|Any CPU
	EndGlobalSection
	GlobalSection(ProjectConfigurationPlatforms) = postSolution
		{74AFFA99-7464-422B-B6FA-A793F750A954}.Debug|Any CPU.ActiveCfg = Debug|Any CPU
		{74AFFA99-7464-422B-B6FA-A793F750A954}.Debug|Any CPU.Build.0 = Debug|Any CPU
		{74AFFA99-7464-422B-B6FA-A793F750A954}.Release|Any CPU.ActiveCfg = Release|Any CPU
		{74AFFA99-7464-422B-B6FA-A793F750A954}.Release|Any CPU.Build.0 = Release|Any CPU
		{B5738A62-CA21-42F7-84A6-AB1E5C90FB6E}.Debug|Any CPU.ActiveCfg = Debug|Any CPU
		{B5738A62-CA21-42F7-84A6-AB1E5C90FB6E}.Debug|Any CPU.Build.0 = Debug|Any CPU
		{B5738A62-CA21-42F7-84A6-AB1E5C90FB6E}.Release|Any CPU.ActiveCfg = Release|Any CPU
		{B5738A62-CA21-42F7-84A6-AB1E5C90FB6E}.Release|Any CPU.Build.0 = Release|Any CPU
		{F742FE92-FCDD-4EF6-918B-C3595953CA49}.Debug|Any CPU.ActiveCfg = Debug|Any CPU
		{F742FE92-FCDD-4EF6-918B-C3595953CA49}.Debug|Any CPU.Build.0 = Debug|Any CPU
		{F742FE92-FCDD-4EF6-918B-C3595953CA49}.Release|Any CPU.ActiveCfg = Release|Any CPU
		{F742FE92-FCDD-4EF6-918B-C3595953CA49}.Release|Any CPU.Build.0 = Release|Any CPU
		{7CF0857B-A3ED-4055-812A-1DA984137FAC}.Debug|Any CPU.ActiveCfg = Debug|Any CPU
		{7CF0857B-A3ED-4055-812A-1DA984137FAC}.Debug|Any CPU.Build.0 = Debug|Any CPU
		{7CF0857B-A3ED-4055-812A-1DA984137FAC}.Release|Any CPU.ActiveCfg = Release|Any CPU
		{7CF0857B-A3ED-4055-812A-1DA984137FAC}.Release|Any CPU.Build.0 = Release|Any CPU
		{97033F10-3AB1-4571-AABC-985FEA1F6DBA}.Debug|Any CPU.ActiveCfg = Debug|Any CPU
		{97033F10-3AB1-4571-AABC-985FEA1F6DBA}.Debug|Any CPU.Build.0 = Debug|Any CPU
		{97033F10-3AB1-4571-AABC-985FEA1F6DBA}.Release|Any CPU.ActiveCfg = Release|Any CPU
		{97033F10-3AB1-4571-AABC-985FEA1F6DBA}.Release|Any CPU.Build.0 = Release|Any CPU
		{80B98124-7428-45B3-A305-6EC2DD4E0B0A}.Debug|Any CPU.ActiveCfg = Debug|Any CPU
		{80B98124-7428-45B3-A305-6EC2DD4E0B0A}.Debug|Any CPU.Build.0 = Debug|Any CPU
		{80B98124-7428-45B3-A305-6EC2DD4E0B0A}.Release|Any CPU.ActiveCfg = Release|Any CPU
		{80B98124-7428-45B3-A305-6EC2DD4E0B0A}.Release|Any CPU.Build.0 = Release|Any CPU
		{22978A01-B925-4F8D-9B38-3C4535765C9B}.Debug|Any CPU.ActiveCfg = Debug|Any CPU
		{22978A01-B925-4F8D-9B38-3C4535765C9B}.Debug|Any CPU.Build.0 = Debug|Any CPU
		{22978A01-B925-4F8D-9B38-3C4535765C9B}.Release|Any CPU.ActiveCfg = Release|Any CPU
		{22978A01-B925-4F8D-9B38-3C4535765C9B}.Release|Any CPU.Build.0 = Release|Any CPU
	EndGlobalSection
	GlobalSection(SolutionProperties) = preSolution
		HideSolutionNode = FALSE
	EndGlobalSection
	GlobalSection(ExtensibilityGlobals) = postSolution
		SolutionGuid = {8EAD905E-8DD5-42CC-855E-1398F85B365E}
	EndGlobalSection
EndGlobal
